
Microsoft Visual Studio Solution File, Format Version 12.00
# Visual Studio Version 16
VisualStudioVersion = 16.0.31005.135
MinimumVisualStudioVersion = 10.0.40219.1
Project("{FAE04EC0-301F-11D3-BF4B-00C04F79EFBC}") = "Hello_World", "Hello_World\Hello_World.csproj", "{CAE66F8E-E240-423A-B137-1CD365BF34C3}"
EndProject
Global
	GlobalSection(SolutionConfigurationPlatforms) = preSolution
		Debug|Any CPU = Debug|Any CPU
		Release|Any CPU = Release|Any CPU
	EndGlobalSection
	GlobalSection(ProjectConfigurationPlatforms) = postSolution
		{CAE66F8E-E240-423A-B137-1CD365BF34C3}.Debug|Any CPU.ActiveCfg = Debug|Any CPU
		{CAE66F8E-E240-423A-B137-1CD365BF34C3}.Debug|Any CPU.Build.0 = Debug|Any CPU
		{CAE66F8E-E240-423A-B137-1CD365BF34C3}.Release|Any CPU.ActiveCfg = Release|Any CPU
		{CAE66F8E-E240-423A-B137-1CD365BF34C3}.Release|Any CPU.Build.0 = Release|Any CPU
	EndGlobalSection
	GlobalSection(SolutionProperties) = preSolution
		HideSolutionNode = FALSE
	EndGlobalSection
	GlobalSection(ExtensibilityGlobals) = postSolution
		SolutionGuid = {4938A1D1-2EA6-4B3E-B08E-BC743FD30ECA}
	EndGlobalSection
EndGlobal
